
Microsoft Visual Studio Solution File, Format Version 12.00
# Visual Studio Version 16
VisualStudioVersion = 16.0.29326.143
MinimumVisualStudioVersion = 15.0.26124.0
Project("{2150E333-8FDC-42A3-9474-1A3956D46DE8}") = "src", "src", "{BFEA1707-326C-4A0F-95D8-DDA996F80313}"
EndProject
Project("{9A19103F-16F7-4668-BE54-9A1E7A4F7556}") = "HistShardWriter", "src\HistShardWriter\HistShardWriter.csproj", "{97DA1797-6317-4C68-B58E-4B74B8A53BF9}"
EndProject
Project("{9A19103F-16F7-4668-BE54-9A1E7A4F7556}") = "H.Types", "src\H.Types\H.Types.csproj", "{A01485A7-6F6C-4CA0-A4A1-7D6E22FC4C73}"
EndProject
Project("{2150E333-8FDC-42A3-9474-1A3956D46DE8}") = "solution-files", "solution-files", "{4596B8C3-7D97-4AC7-A17C-244CE7AEECBE}"
	ProjectSection(SolutionItems) = preProject
		.gitignore = .gitignore
		README.md = README.md
	EndProjectSection
EndProject
Global
	GlobalSection(SolutionConfigurationPlatforms) = preSolution
		Debug|Any CPU = Debug|Any CPU
		Debug|x64 = Debug|x64
		Debug|x86 = Debug|x86
		Release|Any CPU = Release|Any CPU
		Release|x64 = Release|x64
		Release|x86 = Release|x86
	EndGlobalSection
	GlobalSection(ProjectConfigurationPlatforms) = postSolution
		{97DA1797-6317-4C68-B58E-4B74B8A53BF9}.Debug|Any CPU.ActiveCfg = Debug|Any CPU
		{97DA1797-6317-4C68-B58E-4B74B8A53BF9}.Debug|Any CPU.Build.0 = Debug|Any CPU
		{97DA1797-6317-4C68-B58E-4B74B8A53BF9}.Debug|x64.ActiveCfg = Debug|Any CPU
		{97DA1797-6317-4C68-B58E-4B74B8A53BF9}.Debug|x64.Build.0 = Debug|Any CPU
		{97DA1797-6317-4C68-B58E-4B74B8A53BF9}.Debug|x86.ActiveCfg = Debug|Any CPU
		{97DA1797-6317-4C68-B58E-4B74B8A53BF9}.Debug|x86.Build.0 = Debug|Any CPU
		{97DA1797-6317-4C68-B58E-4B74B8A53BF9}.Release|Any CPU.ActiveCfg = Release|Any CPU
		{97DA1797-6317-4C68-B58E-4B74B8A53BF9}.Release|Any CPU.Build.0 = Release|Any CPU
		{97DA1797-6317-4C68-B58E-4B74B8A53BF9}.Release|x64.ActiveCfg = Release|Any CPU
		{97DA1797-6317-4C68-B58E-4B74B8A53BF9}.Release|x64.Build.0 = Release|Any CPU
		{97DA1797-6317-4C68-B58E-4B74B8A53BF9}.Release|x86.ActiveCfg = Release|Any CPU
		{97DA1797-6317-4C68-B58E-4B74B8A53BF9}.Release|x86.Build.0 = Release|Any CPU
		{A01485A7-6F6C-4CA0-A4A1-7D6E22FC4C73}.Debug|Any CPU.ActiveCfg = Debug|Any CPU
		{A01485A7-6F6C-4CA0-A4A1-7D6E22FC4C73}.Debug|Any CPU.Build.0 = Debug|Any CPU
		{A01485A7-6F6C-4CA0-A4A1-7D6E22FC4C73}.Debug|x64.ActiveCfg = Debug|Any CPU
		{A01485A7-6F6C-4CA0-A4A1-7D6E22FC4C73}.Debug|x64.Build.0 = Debug|Any CPU
		{A01485A7-6F6C-4CA0-A4A1-7D6E22FC4C73}.Debug|x86.ActiveCfg = Debug|Any CPU
		{A01485A7-6F6C-4CA0-A4A1-7D6E22FC4C73}.Debug|x86.Build.0 = Debug|Any CPU
		{A01485A7-6F6C-4CA0-A4A1-7D6E22FC4C73}.Release|Any CPU.ActiveCfg = Release|Any CPU
		{A01485A7-6F6C-4CA0-A4A1-7D6E22FC4C73}.Release|Any CPU.Build.0 = Release|Any CPU
		{A01485A7-6F6C-4CA0-A4A1-7D6E22FC4C73}.Release|x64.ActiveCfg = Release|Any CPU
		{A01485A7-6F6C-4CA0-A4A1-7D6E22FC4C73}.Release|x64.Build.0 = Release|Any CPU
		{A01485A7-6F6C-4CA0-A4A1-7D6E22FC4C73}.Release|x86.ActiveCfg = Release|Any CPU
		{A01485A7-6F6C-4CA0-A4A1-7D6E22FC4C73}.Release|x86.Build.0 = Release|Any CPU
	EndGlobalSection
	GlobalSection(SolutionProperties) = preSolution
		HideSolutionNode = FALSE
	EndGlobalSection
	GlobalSection(NestedProjects) = preSolution
		{97DA1797-6317-4C68-B58E-4B74B8A53BF9} = {BFEA1707-326C-4A0F-95D8-DDA996F80313}
		{A01485A7-6F6C-4CA0-A4A1-7D6E22FC4C73} = {BFEA1707-326C-4A0F-95D8-DDA996F80313}
	EndGlobalSection
	GlobalSection(ExtensibilityGlobals) = postSolution
		SolutionGuid = {BC08E37A-D0BC-48C0-8558-4CD29188DDE7}
	EndGlobalSection
EndGlobal
